
Microsoft Visual Studio Solution File, Format Version 12.00
# Visual Studio Version 16
VisualStudioVersion = 16.0.29709.97
MinimumVisualStudioVersion = 10.0.40219.1
Project("{FAE04EC0-301F-11D3-BF4B-00C04F79EFBC}") = "DevenirProject", "DevenirProject\DevenirProject.csproj", "{113BDBA4-5296-4D96-8915-B8C21E831B16}"
EndProject
Global
	GlobalSection(SolutionConfigurationPlatforms) = preSolution
		Debug|Any CPU = Debug|Any CPU
		Release|Any CPU = Release|Any CPU
	EndGlobalSection
	GlobalSection(ProjectConfigurationPlatforms) = postSolution
		{113BDBA4-5296-4D96-8915-B8C21E831B16}.Debug|Any CPU.ActiveCfg = Debug|Any CPU
		{113BDBA4-5296-4D96-8915-B8C21E831B16}.Debug|Any CPU.Build.0 = Debug|Any CPU
		{113BDBA4-5296-4D96-8915-B8C21E831B16}.Debug|Any CPU.Deploy.0 = Debug|Any CPU
		{113BDBA4-5296-4D96-8915-B8C21E831B16}.Release|Any CPU.ActiveCfg = Release|Any CPU
		{113BDBA4-5296-4D96-8915-B8C21E831B16}.Release|Any CPU.Build.0 = Release|Any CPU
		{113BDBA4-5296-4D96-8915-B8C21E831B16}.Release|Any CPU.Deploy.0 = Release|Any CPU
	EndGlobalSection
	GlobalSection(SolutionProperties) = preSolution
		HideSolutionNode = FALSE
	EndGlobalSection
	GlobalSection(ExtensibilityGlobals) = postSolution
		SolutionGuid = {22386E5C-F067-41D1-AA28-4BF2DA403A8F}
	EndGlobalSection
EndGlobal
